// !$*UTF8*$!
{
	archiveVersion = 1;
	classes = {
	};
	objectVersion = 56;
	objects = {

/* Begin PBXBuildFile section */
		F33FC81228D41B85009CB84D /* GithubRepoSearchApp.swift in Sources */ = {isa = PBXBuildFile; fileRef = F33FC81128D41B85009CB84D /* GithubRepoSearchApp.swift */; };
		F33FC81628D41B87009CB84D /* Assets.xcassets in Resources */ = {isa = PBXBuildFile; fileRef = F33FC81528D41B87009CB84D /* Assets.xcassets */; };
		F33FC81928D41B87009CB84D /* Preview Assets.xcassets in Resources */ = {isa = PBXBuildFile; fileRef = F33FC81828D41B87009CB84D /* Preview Assets.xcassets */; };
		F33FC82028D41CCE009CB84D /* MainSearchView.swift in Sources */ = {isa = PBXBuildFile; fileRef = F33FC81F28D41CCE009CB84D /* MainSearchView.swift */; };
		F33FC82328D420A7009CB84D /* CombineMoya in Frameworks */ = {isa = PBXBuildFile; productRef = F33FC82228D420A7009CB84D /* CombineMoya */; };
		F33FC82628D4210F009CB84D /* SearchUsecase.swift in Sources */ = {isa = PBXBuildFile; fileRef = F33FC82528D4210F009CB84D /* SearchUsecase.swift */; };
		F33FC82828D42120009CB84D /* SearchRepository.swift in Sources */ = {isa = PBXBuildFile; fileRef = F33FC82728D42120009CB84D /* SearchRepository.swift */; };
		F33FC82A28D42129009CB84D /* SearchRepositoryImplement.swift in Sources */ = {isa = PBXBuildFile; fileRef = F33FC82928D42129009CB84D /* SearchRepositoryImplement.swift */; };
		F33FC82C28D43832009CB84D /* MainSearchViewModel.swift in Sources */ = {isa = PBXBuildFile; fileRef = F33FC82B28D43832009CB84D /* MainSearchViewModel.swift */; };
/* End PBXBuildFile section */

/* Begin PBXFileReference section */
		F33FC80E28D41B85009CB84D /* GithubRepoSearch.app */ = {isa = PBXFileReference; explicitFileType = wrapper.application; includeInIndex = 0; path = GithubRepoSearch.app; sourceTree = BUILT_PRODUCTS_DIR; };
		F33FC81128D41B85009CB84D /* GithubRepoSearchApp.swift */ = {isa = PBXFileReference; lastKnownFileType = sourcecode.swift; path = GithubRepoSearchApp.swift; sourceTree = "<group>"; };
		F33FC81528D41B87009CB84D /* Assets.xcassets */ = {isa = PBXFileReference; lastKnownFileType = folder.assetcatalog; path = Assets.xcassets; sourceTree = "<group>"; };
		F33FC81828D41B87009CB84D /* Preview Assets.xcassets */ = {isa = PBXFileReference; lastKnownFileType = folder.assetcatalog; path = "Preview Assets.xcassets"; sourceTree = "<group>"; };
		F33FC81F28D41CCE009CB84D /* MainSearchView.swift */ = {isa = PBXFileReference; lastKnownFileType = sourcecode.swift; path = MainSearchView.swift; sourceTree = "<group>"; };
		F33FC82528D4210F009CB84D /* SearchUsecase.swift */ = {isa = PBXFileReference; lastKnownFileType = sourcecode.swift; path = SearchUsecase.swift; sourceTree = "<group>"; };
		F33FC82728D42120009CB84D /* SearchRepository.swift */ = {isa = PBXFileReference; lastKnownFileType = sourcecode.swift; path = SearchRepository.swift; sourceTree = "<group>"; };
		F33FC82928D42129009CB84D /* SearchRepositoryImplement.swift */ = {isa = PBXFileReference; lastKnownFileType = sourcecode.swift; path = SearchRepositoryImplement.swift; sourceTree = "<group>"; };
		F33FC82B28D43832009CB84D /* MainSearchViewModel.swift */ = {isa = PBXFileReference; lastKnownFileType = sourcecode.swift; path = MainSearchViewModel.swift; sourceTree = "<group>"; };
/* End PBXFileReference section */

/* Begin PBXFrameworksBuildPhase section */
		F33FC80B28D41B85009CB84D /* Frameworks */ = {
			isa = PBXFrameworksBuildPhase;
			buildActionMask = 2147483647;
			files = (
				F33FC82328D420A7009CB84D /* CombineMoya in Frameworks */,
			);
			runOnlyForDeploymentPostprocessing = 0;
		};
/* End PBXFrameworksBuildPhase section */

/* Begin PBXGroup section */
		F33FC80528D41B85009CB84D = {
			isa = PBXGroup;
			children = (
				F33FC81028D41B85009CB84D /* GithubRepoSearch */,
				F33FC80F28D41B85009CB84D /* Products */,
			);
			sourceTree = "<group>";
		};
		F33FC80F28D41B85009CB84D /* Products */ = {
			isa = PBXGroup;
			children = (
				F33FC80E28D41B85009CB84D /* GithubRepoSearch.app */,
			);
			name = Products;
			sourceTree = "<group>";
		};
		F33FC81028D41B85009CB84D /* GithubRepoSearch */ = {
			isa = PBXGroup;
			children = (
				F33FC82428D420FA009CB84D /* Usecase */,
				F33FC81128D41B85009CB84D /* GithubRepoSearchApp.swift */,
				F33FC81F28D41CCE009CB84D /* MainSearchView.swift */,
				F33FC82B28D43832009CB84D /* MainSearchViewModel.swift */,
				F33FC81528D41B87009CB84D /* Assets.xcassets */,
				F33FC81728D41B87009CB84D /* Preview Content */,
			);
			path = GithubRepoSearch;
			sourceTree = "<group>";
		};
		F33FC81728D41B87009CB84D /* Preview Content */ = {
			isa = PBXGroup;
			children = (
				F33FC81828D41B87009CB84D /* Preview Assets.xcassets */,
			);
			path = "Preview Content";
			sourceTree = "<group>";
		};
		F33FC82428D420FA009CB84D /* Usecase */ = {
			isa = PBXGroup;
			children = (
				F33FC82528D4210F009CB84D /* SearchUsecase.swift */,
				F33FC82728D42120009CB84D /* SearchRepository.swift */,
				F33FC82928D42129009CB84D /* SearchRepositoryImplement.swift */,
			);
			path = Usecase;
			sourceTree = "<group>";
		};
/* End PBXGroup section */

/* Begin PBXNativeTarget section */
		F33FC80D28D41B85009CB84D /* GithubRepoSearch */ = {
			isa = PBXNativeTarget;
			buildConfigurationList = F33FC81C28D41B87009CB84D /* Build configuration list for PBXNativeTarget "GithubRepoSearch" */;
			buildPhases = (
				F33FC80A28D41B85009CB84D /* Sources */,
				F33FC80B28D41B85009CB84D /* Frameworks */,
				F33FC80C28D41B85009CB84D /* Resources */,
			);
			buildRules = (
			);
			dependencies = (
			);
			name = GithubRepoSearch;
			packageProductDependencies = (
				F33FC82228D420A7009CB84D /* CombineMoya */,
			);
			productName = GithubRepoSearch;
			productReference = F33FC80E28D41B85009CB84D /* GithubRepoSearch.app */;
			productType = "com.apple.product-type.application";
		};
/* End PBXNativeTarget section */

/* Begin PBXProject section */
		F33FC80628D41B85009CB84D /* Project object */ = {
			isa = PBXProject;
			attributes = {
				BuildIndependentTargetsInParallel = 1;
				LastSwiftUpdateCheck = 1400;
				LastUpgradeCheck = 1400;
				TargetAttributes = {
					F33FC80D28D41B85009CB84D = {
						CreatedOnToolsVersion = 14.0;
					};
				};
			};
			buildConfigurationList = F33FC80928D41B85009CB84D /* Build configuration list for PBXProject "GithubRepoSearch" */;
			compatibilityVersion = "Xcode 14.0";
			developmentRegion = en;
			hasScannedForEncodings = 0;
			knownRegions = (
				en,
				Base,
			);
			mainGroup = F33FC80528D41B85009CB84D;
			packageReferences = (
				F33FC82128D420A7009CB84D /* XCRemoteSwiftPackageReference "Moya" */,
			);
			productRefGroup = F33FC80F28D41B85009CB84D /* Products */;
			projectDirPath = "";
			projectRoot = "";
			targets = (
				F33FC80D28D41B85009CB84D /* GithubRepoSearch */,
			);
		};
/* End PBXProject section */

/* Begin PBXResourcesBuildPhase section */
		F33FC80C28D41B85009CB84D /* Resources */ = {
			isa = PBXResourcesBuildPhase;
			buildActionMask = 2147483647;
			files = (
				F33FC81928D41B87009CB84D /* Preview Assets.xcassets in Resources */,
				F33FC81628D41B87009CB84D /* Assets.xcassets in Resources */,
			);
			runOnlyForDeploymentPostprocessing = 0;
		};
/* End PBXResourcesBuildPhase section */

/* Begin PBXSourcesBuildPhase section */
		F33FC80A28D41B85009CB84D /* Sources */ = {
			isa = PBXSourcesBuildPhase;
			buildActionMask = 2147483647;
			files = (
				F33FC82028D41CCE009CB84D /* MainSearchView.swift in Sources */,
				F33FC82C28D43832009CB84D /* MainSearchViewModel.swift in Sources */,
				F33FC81228D41B85009CB84D /* GithubRepoSearchApp.swift in Sources */,
				F33FC82628D4210F009CB84D /* SearchUsecase.swift in Sources */,
				F33FC82828D42120009CB84D /* SearchRepository.swift in Sources */,
				F33FC82A28D42129009CB84D /* SearchRepositoryImplement.swift in Sources */,
			);
			runOnlyForDeploymentPostprocessing = 0;
		};
/* End PBXSourcesBuildPhase section */

/* Begin XCBuildConfiguration section */
		F33FC81A28D41B87009CB84D /* Debug */ = {
			isa = XCBuildConfiguration;
			buildSettings = {
				ALWAYS_SEARCH_USER_PATHS = NO;
				CLANG_ANALYZER_NONNULL = YES;
				CLANG_ANALYZER_NUMBER_OBJECT_CONVERSION = YES_AGGRESSIVE;
				CLANG_CXX_LANGUAGE_STANDARD = "gnu++20";
				CLANG_ENABLE_MODULES = YES;
				CLANG_ENABLE_OBJC_ARC = YES;
				CLANG_ENABLE_OBJC_WEAK = YES;
				CLANG_WARN_BLOCK_CAPTURE_AUTORELEASING = YES;
				CLANG_WARN_BOOL_CONVERSION = YES;
				CLANG_WARN_COMMA = YES;
				CLANG_WARN_CONSTANT_CONVERSION = YES;
				CLANG_WARN_DEPRECATED_OBJC_IMPLEMENTATIONS = YES;
				CLANG_WARN_DIRECT_OBJC_ISA_USAGE = YES_ERROR;
				CLANG_WARN_DOCUMENTATION_COMMENTS = YES;
				CLANG_WARN_EMPTY_BODY = YES;
				CLANG_WARN_ENUM_CONVERSION = YES;
				CLANG_WARN_INFINITE_RECURSION = YES;
				CLANG_WARN_INT_CONVERSION = YES;
				CLANG_WARN_NON_LITERAL_NULL_CONVERSION = YES;
				CLANG_WARN_OBJC_IMPLICIT_RETAIN_SELF = YES;
				CLANG_WARN_OBJC_LITERAL_CONVERSION = YES;
				CLANG_WARN_OBJC_ROOT_CLASS = YES_ERROR;
				CLANG_WARN_QUOTED_INCLUDE_IN_FRAMEWORK_HEADER = YES;
				CLANG_WARN_RANGE_LOOP_ANALYSIS = YES;
				CLANG_WARN_STRICT_PROTOTYPES = YES;
				CLANG_WARN_SUSPICIOUS_MOVE = YES;
				CLANG_WARN_UNGUARDED_AVAILABILITY = YES_AGGRESSIVE;
				CLANG_WARN_UNREACHABLE_CODE = YES;
				CLANG_WARN__DUPLICATE_METHOD_MATCH = YES;
				COPY_PHASE_STRIP = NO;
				DEBUG_INFORMATION_FORMAT = dwarf;
				ENABLE_STRICT_OBJC_MSGSEND = YES;
				ENABLE_TESTABILITY = YES;
				GCC_C_LANGUAGE_STANDARD = gnu11;
				GCC_DYNAMIC_NO_PIC = NO;
				GCC_NO_COMMON_BLOCKS = YES;
				GCC_OPTIMIZATION_LEVEL = 0;
				GCC_PREPROCESSOR_DEFINITIONS = (
					"DEBUG=1",
					"$(inherited)",
				);
				GCC_WARN_64_TO_32_BIT_CONVERSION = YES;
				GCC_WARN_ABOUT_RETURN_TYPE = YES_ERROR;
				GCC_WARN_UNDECLARED_SELECTOR = YES;
				GCC_WARN_UNINITIALIZED_AUTOS = YES_AGGRESSIVE;
				GCC_WARN_UNUSED_FUNCTION = YES;
				GCC_WARN_UNUSED_VARIABLE = YES;
				IPHONEOS_DEPLOYMENT_TARGET = 16.0;
				MTL_ENABLE_DEBUG_INFO = INCLUDE_SOURCE;
				MTL_FAST_MATH = YES;
				ONLY_ACTIVE_ARCH = YES;
				SDKROOT = iphoneos;
				SWIFT_ACTIVE_COMPILATION_CONDITIONS = DEBUG;
				SWIFT_OPTIMIZATION_LEVEL = "-Onone";
			};
			name = Debug;
		};
		F33FC81B28D41B87009CB84D /* Release */ = {
			isa = XCBuildConfiguration;
			buildSettings = {
				ALWAYS_SEARCH_USER_PATHS = NO;
				CLANG_ANALYZER_NONNULL = YES;
				CLANG_ANALYZER_NUMBER_OBJECT_CONVERSION = YES_AGGRESSIVE;
				CLANG_CXX_LANGUAGE_STANDARD = "gnu++20";
				CLANG_ENABLE_MODULES = YES;
				CLANG_ENABLE_OBJC_ARC = YES;
				CLANG_ENABLE_OBJC_WEAK = YES;
				CLANG_WARN_BLOCK_CAPTURE_AUTORELEASING = YES;
				CLANG_WARN_BOOL_CONVERSION = YES;
				CLANG_WARN_COMMA = YES;
				CLANG_WARN_CONSTANT_CONVERSION = YES;
				CLANG_WARN_DEPRECATED_OBJC_IMPLEMENTATIONS = YES;
				CLANG_WARN_DIRECT_OBJC_ISA_USAGE = YES_ERROR;
				CLANG_WARN_DOCUMENTATION_COMMENTS = YES;
				CLANG_WARN_EMPTY_BODY = YES;
				CLANG_WARN_ENUM_CONVERSION = YES;
				CLANG_WARN_INFINITE_RECURSION = YES;
				CLANG_WARN_INT_CONVERSION = YES;
				CLANG_WARN_NON_LITERAL_NULL_CONVERSION = YES;
				CLANG_WARN_OBJC_IMPLICIT_RETAIN_SELF = YES;
				CLANG_WARN_OBJC_LITERAL_CONVERSION = YES;
				CLANG_WARN_OBJC_ROOT_CLASS = YES_ERROR;
				CLANG_WARN_QUOTED_INCLUDE_IN_FRAMEWORK_HEADER = YES;
				CLANG_WARN_RANGE_LOOP_ANALYSIS = YES;
				CLANG_WARN_STRICT_PROTOTYPES = YES;
				CLANG_WARN_SUSPICIOUS_MOVE = YES;
				CLANG_WARN_UNGUARDED_AVAILABILITY = YES_AGGRESSIVE;
				CLANG_WARN_UNREACHABLE_CODE = YES;
				CLANG_WARN__DUPLICATE_METHOD_MATCH = YES;
				COPY_PHASE_STRIP = NO;
				DEBUG_INFORMATION_FORMAT = "dwarf-with-dsym";
				ENABLE_NS_ASSERTIONS = NO;
				ENABLE_STRICT_OBJC_MSGSEND = YES;
				GCC_C_LANGUAGE_STANDARD = gnu11;
				GCC_NO_COMMON_BLOCKS = YES;
				GCC_WARN_64_TO_32_BIT_CONVERSION = YES;
				GCC_WARN_ABOUT_RETURN_TYPE = YES_ERROR;
				GCC_WARN_UNDECLARED_SELECTOR = YES;
				GCC_WARN_UNINITIALIZED_AUTOS = YES_AGGRESSIVE;
				GCC_WARN_UNUSED_FUNCTION = YES;
				GCC_WARN_UNUSED_VARIABLE = YES;
				IPHONEOS_DEPLOYMENT_TARGET = 16.0;
				MTL_ENABLE_DEBUG_INFO = NO;
				MTL_FAST_MATH = YES;
				SDKROOT = iphoneos;
				SWIFT_COMPILATION_MODE = wholemodule;
				SWIFT_OPTIMIZATION_LEVEL = "-O";
				VALIDATE_PRODUCT = YES;
			};
			name = Release;
		};
		F33FC81D28D41B87009CB84D /* Debug */ = {
			isa = XCBuildConfiguration;
			buildSettings = {
				ASSETCATALOG_COMPILER_APPICON_NAME = AppIcon;
				ASSETCATALOG_COMPILER_GLOBAL_ACCENT_COLOR_NAME = AccentColor;
				CODE_SIGN_STYLE = Automatic;
				CURRENT_PROJECT_VERSION = 1;
				DEVELOPMENT_ASSET_PATHS = "\"GithubRepoSearch/Preview Content\"";
				DEVELOPMENT_TEAM = CKSUB298CZ;
				ENABLE_PREVIEWS = YES;
				GENERATE_INFOPLIST_FILE = YES;
				INFOPLIST_KEY_UIApplicationSceneManifest_Generation = YES;
				INFOPLIST_KEY_UIApplicationSupportsIndirectInputEvents = YES;
				INFOPLIST_KEY_UILaunchScreen_Generation = YES;
				INFOPLIST_KEY_UISupportedInterfaceOrientations_iPad = "UIInterfaceOrientationPortrait UIInterfaceOrientationPortraitUpsideDown UIInterfaceOrientationLandscapeLeft UIInterfaceOrientationLandscapeRight";
				INFOPLIST_KEY_UISupportedInterfaceOrientations_iPhone = "UIInterfaceOrientationPortrait UIInterfaceOrientationLandscapeLeft UIInterfaceOrientationLandscapeRight";
				LD_RUNPATH_SEARCH_PATHS = (
					"$(inherited)",
					"@executable_path/Frameworks",
				);
				MARKETING_VERSION = 1.0;
				PRODUCT_BUNDLE_IDENTIFIER = com.hanwe.GithubRepoSearch;
				PRODUCT_NAME = "$(TARGET_NAME)";
				SWIFT_EMIT_LOC_STRINGS = YES;
				SWIFT_VERSION = 5.0;
				TARGETED_DEVICE_FAMILY = "1,2";
			};
			name = Debug;
		};
		F33FC81E28D41B87009CB84D /* Release */ = {
			isa = XCBuildConfiguration;
			buildSettings = {
				ASSETCATALOG_COMPILER_APPICON_NAME = AppIcon;
				ASSETCATALOG_COMPILER_GLOBAL_ACCENT_COLOR_NAME = AccentColor;
				CODE_SIGN_STYLE = Automatic;
				CURRENT_PROJECT_VERSION = 1;
				DEVELOPMENT_ASSET_PATHS = "\"GithubRepoSearch/Preview Content\"";
				DEVELOPMENT_TEAM = CKSUB298CZ;
				ENABLE_PREVIEWS = YES;
				GENERATE_INFOPLIST_FILE = YES;
				INFOPLIST_KEY_UIApplicationSceneManifest_Generation = YES;
				INFOPLIST_KEY_UIApplicationSupportsIndirectInputEvents = YES;
				INFOPLIST_KEY_UILaunchScreen_Generation = YES;
				INFOPLIST_KEY_UISupportedInterfaceOrientations_iPad = "UIInterfaceOrientationPortrait UIInterfaceOrientationPortraitUpsideDown UIInterfaceOrientationLandscapeLeft UIInterfaceOrientationLandscapeRight";
				INFOPLIST_KEY_UISupportedInterfaceOrientations_iPhone = "UIInterfaceOrientationPortrait UIInterfaceOrientationLandscapeLeft UIInterfaceOrientationLandscapeRight";
				LD_RUNPATH_SEARCH_PATHS = (
					"$(inherited)",
					"@executable_path/Frameworks",
				);
				MARKETING_VERSION = 1.0;
				PRODUCT_BUNDLE_IDENTIFIER = com.hanwe.GithubRepoSearch;
				PRODUCT_NAME = "$(TARGET_NAME)";
				SWIFT_EMIT_LOC_STRINGS = YES;
				SWIFT_VERSION = 5.0;
				TARGETED_DEVICE_FAMILY = "1,2";
			};
			name = Release;
		};
/* End XCBuildConfiguration section */

/* Begin XCConfigurationList section */
		F33FC80928D41B85009CB84D /* Build configuration list for PBXProject "GithubRepoSearch" */ = {
			isa = XCConfigurationList;
			buildConfigurations = (
				F33FC81A28D41B87009CB84D /* Debug */,
				F33FC81B28D41B87009CB84D /* Release */,
			);
			defaultConfigurationIsVisible = 0;
			defaultConfigurationName = Release;
		};
		F33FC81C28D41B87009CB84D /* Build configuration list for PBXNativeTarget "GithubRepoSearch" */ = {
			isa = XCConfigurationList;
			buildConfigurations = (
				F33FC81D28D41B87009CB84D /* Debug */,
				F33FC81E28D41B87009CB84D /* Release */,
			);
			defaultConfigurationIsVisible = 0;
			defaultConfigurationName = Release;
		};
/* End XCConfigurationList section */

/* Begin XCRemoteSwiftPackageReference section */
		F33FC82128D420A7009CB84D /* XCRemoteSwiftPackageReference "Moya" */ = {
			isa = XCRemoteSwiftPackageReference;
			repositoryURL = "https://github.com/Moya/Moya.git";
			requirement = {
				branch = master;
				kind = branch;
			};
		};
/* End XCRemoteSwiftPackageReference section */

/* Begin XCSwiftPackageProductDependency section */
		F33FC82228D420A7009CB84D /* CombineMoya */ = {
			isa = XCSwiftPackageProductDependency;
			package = F33FC82128D420A7009CB84D /* XCRemoteSwiftPackageReference "Moya" */;
			productName = CombineMoya;
		};
/* End XCSwiftPackageProductDependency section */
	};
	rootObject = F33FC80628D41B85009CB84D /* Project object */;
}
